{
  "name": "js_tutorial",
  "lockfileVersion": 2,
  "requires": true,
  "packages": {
    "": {
      "dependencies": {
        "ikass-palindrome": "^0.1.1"
      }
    },
    "node_modules/ikass-palindrome": {
      "version": "0.1.1",
      "resolved": "https://registry.npmjs.org/ikass-palindrome/-/ikass-palindrome-0.1.1.tgz",
      "integrity": "sha512-1Yjpq43GigPMyJHTivOzgk8mcAnI4oGiEbF9B0UiCRW9IfV3O2ShXx8fb/RH1NDfCC/2D0P4NzPS3qkm8M0Bkw=="
    }
  },
  "dependencies": {
    "ikass-palindrome": {
      "version": "0.1.1",
      "resolved": "https://registry.npmjs.org/ikass-palindrome/-/ikass-palindrome-0.1.1.tgz",
      "integrity": "sha512-1Yjpq43GigPMyJHTivOzgk8mcAnI4oGiEbF9B0UiCRW9IfV3O2ShXx8fb/RH1NDfCC/2D0P4NzPS3qkm8M0Bkw=="
    }
  }
}
